
Microsoft Visual Studio Solution File, Format Version 12.00
# Visual Studio Version 16
VisualStudioVersion = 16.0.31702.278
MinimumVisualStudioVersion = 10.0.40219.1
Project("{9A19103F-16F7-4668-BE54-9A1E7A4F7556}") = "Lesson1", "Lesson1\Lesson1.csproj", "{CE05F99B-05ED-4B3F-B219-45B988F1AD22}"
EndProject
Project("{9A19103F-16F7-4668-BE54-9A1E7A4F7556}") = "DAL", "DAL\DAL.csproj", "{280BB102-26F3-4F15-9ED0-0F0163954604}"
EndProject
Project("{9A19103F-16F7-4668-BE54-9A1E7A4F7556}") = "Lesson2", "Lesson2\Lesson2.csproj", "{F8801094-29E3-4C7E-BE1B-15B7AB18A77A}"
EndProject
Project("{9A19103F-16F7-4668-BE54-9A1E7A4F7556}") = "Lesson4", "Lesson4\Lesson4.csproj", "{2E535E74-FB34-4837-A5CE-7648048AF814}"
EndProject
Project("{9A19103F-16F7-4668-BE54-9A1E7A4F7556}") = "Printer", "Printer\Printer.csproj", "{1CC85C09-6A48-44AE-8CB8-5556EE765F63}"
EndProject
Project("{9A19103F-16F7-4668-BE54-9A1E7A4F7556}") = "WPF1", "WPF1\WPF1.csproj", "{A4994790-3FD4-4814-8193-148AC44E95AD}"
EndProject
Project("{FAE04EC0-301F-11D3-BF4B-00C04F79EFBC}") = "LINQ", "LINQ\LINQ.csproj", "{2C967346-775E-4E6C-BA91-7BC2E00AFBC9}"
EndProject
Project("{FAE04EC0-301F-11D3-BF4B-00C04F79EFBC}") = "WpfBinding1", "WpfBinding1\WpfBinding1.csproj", "{2CE019F0-2559-49F6-BFFA-3477E17B5CAF}"
EndProject
Global
	GlobalSection(SolutionConfigurationPlatforms) = preSolution
		Debug|Any CPU = Debug|Any CPU
		Release|Any CPU = Release|Any CPU
	EndGlobalSection
	GlobalSection(ProjectConfigurationPlatforms) = postSolution
		{CE05F99B-05ED-4B3F-B219-45B988F1AD22}.Debug|Any CPU.ActiveCfg = Debug|Any CPU
		{CE05F99B-05ED-4B3F-B219-45B988F1AD22}.Debug|Any CPU.Build.0 = Debug|Any CPU
		{CE05F99B-05ED-4B3F-B219-45B988F1AD22}.Release|Any CPU.ActiveCfg = Release|Any CPU
		{CE05F99B-05ED-4B3F-B219-45B988F1AD22}.Release|Any CPU.Build.0 = Release|Any CPU
		{280BB102-26F3-4F15-9ED0-0F0163954604}.Debug|Any CPU.ActiveCfg = Debug|Any CPU
		{280BB102-26F3-4F15-9ED0-0F0163954604}.Debug|Any CPU.Build.0 = Debug|Any CPU
		{280BB102-26F3-4F15-9ED0-0F0163954604}.Release|Any CPU.ActiveCfg = Release|Any CPU
		{280BB102-26F3-4F15-9ED0-0F0163954604}.Release|Any CPU.Build.0 = Release|Any CPU
		{F8801094-29E3-4C7E-BE1B-15B7AB18A77A}.Debug|Any CPU.ActiveCfg = Debug|Any CPU
		{F8801094-29E3-4C7E-BE1B-15B7AB18A77A}.Debug|Any CPU.Build.0 = Debug|Any CPU
		{F8801094-29E3-4C7E-BE1B-15B7AB18A77A}.Release|Any CPU.ActiveCfg = Release|Any CPU
		{F8801094-29E3-4C7E-BE1B-15B7AB18A77A}.Release|Any CPU.Build.0 = Release|Any CPU
		{2E535E74-FB34-4837-A5CE-7648048AF814}.Debug|Any CPU.ActiveCfg = Debug|Any CPU
		{2E535E74-FB34-4837-A5CE-7648048AF814}.Debug|Any CPU.Build.0 = Debug|Any CPU
		{2E535E74-FB34-4837-A5CE-7648048AF814}.Release|Any CPU.ActiveCfg = Release|Any CPU
		{2E535E74-FB34-4837-A5CE-7648048AF814}.Release|Any CPU.Build.0 = Release|Any CPU
		{1CC85C09-6A48-44AE-8CB8-5556EE765F63}.Debug|Any CPU.ActiveCfg = Debug|Any CPU
		{1CC85C09-6A48-44AE-8CB8-5556EE765F63}.Debug|Any CPU.Build.0 = Debug|Any CPU
		{1CC85C09-6A48-44AE-8CB8-5556EE765F63}.Release|Any CPU.ActiveCfg = Release|Any CPU
		{1CC85C09-6A48-44AE-8CB8-5556EE765F63}.Release|Any CPU.Build.0 = Release|Any CPU
		{A4994790-3FD4-4814-8193-148AC44E95AD}.Debug|Any CPU.ActiveCfg = Debug|Any CPU
		{A4994790-3FD4-4814-8193-148AC44E95AD}.Debug|Any CPU.Build.0 = Debug|Any CPU
		{A4994790-3FD4-4814-8193-148AC44E95AD}.Release|Any CPU.ActiveCfg = Release|Any CPU
		{A4994790-3FD4-4814-8193-148AC44E95AD}.Release|Any CPU.Build.0 = Release|Any CPU
		{2C967346-775E-4E6C-BA91-7BC2E00AFBC9}.Debug|Any CPU.ActiveCfg = Debug|Any CPU
		{2C967346-775E-4E6C-BA91-7BC2E00AFBC9}.Debug|Any CPU.Build.0 = Debug|Any CPU
		{2C967346-775E-4E6C-BA91-7BC2E00AFBC9}.Release|Any CPU.ActiveCfg = Release|Any CPU
		{2C967346-775E-4E6C-BA91-7BC2E00AFBC9}.Release|Any CPU.Build.0 = Release|Any CPU
		{2CE019F0-2559-49F6-BFFA-3477E17B5CAF}.Debug|Any CPU.ActiveCfg = Debug|Any CPU
		{2CE019F0-2559-49F6-BFFA-3477E17B5CAF}.Debug|Any CPU.Build.0 = Debug|Any CPU
		{2CE019F0-2559-49F6-BFFA-3477E17B5CAF}.Release|Any CPU.ActiveCfg = Release|Any CPU
		{2CE019F0-2559-49F6-BFFA-3477E17B5CAF}.Release|Any CPU.Build.0 = Release|Any CPU
	EndGlobalSection
	GlobalSection(SolutionProperties) = preSolution
		HideSolutionNode = FALSE
	EndGlobalSection
	GlobalSection(ExtensibilityGlobals) = postSolution
		SolutionGuid = {68DB1C6C-B338-4EF6-9CC2-40307C240247}
	EndGlobalSection
EndGlobal
